// !$*UTF8*$!
{
	archiveVersion = 1;
	classes = {
	};
	objectVersion = 50;
	objects = {

/* Begin PBXBuildFile section */
		BDBE203826234D57002E80D3 /* AppDelegate.swift in Sources */ = {isa = PBXBuildFile; fileRef = BDBE203726234D57002E80D3 /* AppDelegate.swift */; };
		BDBE203A26234D57002E80D3 /* SceneDelegate.swift in Sources */ = {isa = PBXBuildFile; fileRef = BDBE203926234D57002E80D3 /* SceneDelegate.swift */; };
		BDBE203C26234D57002E80D3 /* ViewController.swift in Sources */ = {isa = PBXBuildFile; fileRef = BDBE203B26234D57002E80D3 /* ViewController.swift */; };
		BDBE203F26234D57002E80D3 /* Main.storyboard in Resources */ = {isa = PBXBuildFile; fileRef = BDBE203D26234D57002E80D3 /* Main.storyboard */; };
		BDBE204226234D57002E80D3 /* BarcodeCalc.xcdatamodeld in Sources */ = {isa = PBXBuildFile; fileRef = BDBE204026234D57002E80D3 /* BarcodeCalc.xcdatamodeld */; };
		BDBE204426234D58002E80D3 /* Assets.xcassets in Resources */ = {isa = PBXBuildFile; fileRef = BDBE204326234D58002E80D3 /* Assets.xcassets */; };
		BDBE204726234D58002E80D3 /* LaunchScreen.storyboard in Resources */ = {isa = PBXBuildFile; fileRef = BDBE204526234D58002E80D3 /* LaunchScreen.storyboard */; };
/* End PBXBuildFile section */

/* Begin PBXFileReference section */
		BDBE203426234D57002E80D3 /* BarcodeCalc.app */ = {isa = PBXFileReference; explicitFileType = wrapper.application; includeInIndex = 0; path = BarcodeCalc.app; sourceTree = BUILT_PRODUCTS_DIR; };
		BDBE203726234D57002E80D3 /* AppDelegate.swift */ = {isa = PBXFileReference; lastKnownFileType = sourcecode.swift; path = AppDelegate.swift; sourceTree = "<group>"; };
		BDBE203926234D57002E80D3 /* SceneDelegate.swift */ = {isa = PBXFileReference; lastKnownFileType = sourcecode.swift; path = SceneDelegate.swift; sourceTree = "<group>"; };
		BDBE203B26234D57002E80D3 /* ViewController.swift */ = {isa = PBXFileReference; lastKnownFileType = sourcecode.swift; path = ViewController.swift; sourceTree = "<group>"; };
		BDBE203E26234D57002E80D3 /* Base */ = {isa = PBXFileReference; lastKnownFileType = file.storyboard; name = Base; path = Base.lproj/Main.storyboard; sourceTree = "<group>"; };
		BDBE204126234D57002E80D3 /* BarcodeCalc.xcdatamodel */ = {isa = PBXFileReference; lastKnownFileType = wrapper.xcdatamodel; path = BarcodeCalc.xcdatamodel; sourceTree = "<group>"; };
		BDBE204326234D58002E80D3 /* Assets.xcassets */ = {isa = PBXFileReference; lastKnownFileType = folder.assetcatalog; path = Assets.xcassets; sourceTree = "<group>"; };
		BDBE204626234D58002E80D3 /* Base */ = {isa = PBXFileReference; lastKnownFileType = file.storyboard; name = Base; path = Base.lproj/LaunchScreen.storyboard; sourceTree = "<group>"; };
		BDBE204826234D58002E80D3 /* Info.plist */ = {isa = PBXFileReference; lastKnownFileType = text.plist.xml; path = Info.plist; sourceTree = "<group>"; };
/* End PBXFileReference section */

/* Begin PBXFrameworksBuildPhase section */
		BDBE203126234D57002E80D3 /* Frameworks */ = {
			isa = PBXFrameworksBuildPhase;
			buildActionMask = 2147483647;
			files = (
			);
			runOnlyForDeploymentPostprocessing = 0;
		};
/* End PBXFrameworksBuildPhase section */

/* Begin PBXGroup section */
		BDBE202B26234D57002E80D3 = {
			isa = PBXGroup;
			children = (
				BDBE203626234D57002E80D3 /* BarcodeCalc */,
				BDBE203526234D57002E80D3 /* Products */,
			);
			sourceTree = "<group>";
		};
		BDBE203526234D57002E80D3 /* Products */ = {
			isa = PBXGroup;
			children = (
				BDBE203426234D57002E80D3 /* BarcodeCalc.app */,
			);
			name = Products;
			sourceTree = "<group>";
		};
		BDBE203626234D57002E80D3 /* BarcodeCalc */ = {
			isa = PBXGroup;
			children = (
				BDBE203726234D57002E80D3 /* AppDelegate.swift */,
				BDBE203926234D57002E80D3 /* SceneDelegate.swift */,
				BDBE203B26234D57002E80D3 /* ViewController.swift */,
				BDBE203D26234D57002E80D3 /* Main.storyboard */,
				BDBE204326234D58002E80D3 /* Assets.xcassets */,
				BDBE204526234D58002E80D3 /* LaunchScreen.storyboard */,
				BDBE204826234D58002E80D3 /* Info.plist */,
				BDBE204026234D57002E80D3 /* BarcodeCalc.xcdatamodeld */,
			);
			path = BarcodeCalc;
			sourceTree = "<group>";
		};
/* End PBXGroup section */

/* Begin PBXNativeTarget section */
		BDBE203326234D57002E80D3 /* BarcodeCalc */ = {
			isa = PBXNativeTarget;
			buildConfigurationList = BDBE204B26234D58002E80D3 /* Build configuration list for PBXNativeTarget "BarcodeCalc" */;
			buildPhases = (
				BDBE203026234D57002E80D3 /* Sources */,
				BDBE203126234D57002E80D3 /* Frameworks */,
				BDBE203226234D57002E80D3 /* Resources */,
			);
			buildRules = (
			);
			dependencies = (
			);
			name = BarcodeCalc;
			productName = BarcodeCalc;
			productReference = BDBE203426234D57002E80D3 /* BarcodeCalc.app */;
			productType = "com.apple.product-type.application";
		};
/* End PBXNativeTarget section */

/* Begin PBXProject section */
		BDBE202C26234D57002E80D3 /* Project object */ = {
			isa = PBXProject;
			attributes = {
				LastSwiftUpdateCheck = 1240;
				LastUpgradeCheck = 1240;
				TargetAttributes = {
					BDBE203326234D57002E80D3 = {
						CreatedOnToolsVersion = 12.4;
					};
				};
			};
			buildConfigurationList = BDBE202F26234D57002E80D3 /* Build configuration list for PBXProject "BarcodeCalc" */;
			compatibilityVersion = "Xcode 9.3";
			developmentRegion = en;
			hasScannedForEncodings = 0;
			knownRegions = (
				en,
				Base,
			);
			mainGroup = BDBE202B26234D57002E80D3;
			productRefGroup = BDBE203526234D57002E80D3 /* Products */;
			projectDirPath = "";
			projectRoot = "";
			targets = (
				BDBE203326234D57002E80D3 /* BarcodeCalc */,
			);
		};
/* End PBXProject section */

/* Begin PBXResourcesBuildPhase section */
		BDBE203226234D57002E80D3 /* Resources */ = {
			isa = PBXResourcesBuildPhase;
			buildActionMask = 2147483647;
			files = (
				BDBE204726234D58002E80D3 /* LaunchScreen.storyboard in Resources */,
				BDBE204426234D58002E80D3 /* Assets.xcassets in Resources */,
				BDBE203F26234D57002E80D3 /* Main.storyboard in Resources */,
			);
			runOnlyForDeploymentPostprocessing = 0;
		};
/* End PBXResourcesBuildPhase section */

/* Begin PBXSourcesBuildPhase section */
		BDBE203026234D57002E80D3 /* Sources */ = {
			isa = PBXSourcesBuildPhase;
			buildActionMask = 2147483647;
			files = (
				BDBE203C26234D57002E80D3 /* ViewController.swift in Sources */,
				BDBE203826234D57002E80D3 /* AppDelegate.swift in Sources */,
				BDBE203A26234D57002E80D3 /* SceneDelegate.swift in Sources */,
				BDBE204226234D57002E80D3 /* BarcodeCalc.xcdatamodeld in Sources */,
			);
			runOnlyForDeploymentPostprocessing = 0;
		};
/* End PBXSourcesBuildPhase section */

/* Begin PBXVariantGroup section */
		BDBE203D26234D57002E80D3 /* Main.storyboard */ = {
			isa = PBXVariantGroup;
			children = (
				BDBE203E26234D57002E80D3 /* Base */,
			);
			name = Main.storyboard;
			sourceTree = "<group>";
		};
		BDBE204526234D58002E80D3 /* LaunchScreen.storyboard */ = {
			isa = PBXVariantGroup;
			children = (
				BDBE204626234D58002E80D3 /* Base */,
			);
			name = LaunchScreen.storyboard;
			sourceTree = "<group>";
		};
/* End PBXVariantGroup section */

/* Begin XCBuildConfiguration section */
		BDBE204926234D58002E80D3 /* Debug */ = {
			isa = XCBuildConfiguration;
			buildSettings = {
				ALWAYS_SEARCH_USER_PATHS = NO;
				CLANG_ANALYZER_NONNULL = YES;
				CLANG_ANALYZER_NUMBER_OBJECT_CONVERSION = YES_AGGRESSIVE;
				CLANG_CXX_LANGUAGE_STANDARD = "gnu++14";
				CLANG_CXX_LIBRARY = "libc++";
				CLANG_ENABLE_MODULES = YES;
				CLANG_ENABLE_OBJC_ARC = YES;
				CLANG_ENABLE_OBJC_WEAK = YES;
				CLANG_WARN_BLOCK_CAPTURE_AUTORELEASING = YES;
				CLANG_WARN_BOOL_CONVERSION = YES;
				CLANG_WARN_COMMA = YES;
				CLANG_WARN_CONSTANT_CONVERSION = YES;
				CLANG_WARN_DEPRECATED_OBJC_IMPLEMENTATIONS = YES;
				CLANG_WARN_DIRECT_OBJC_ISA_USAGE = YES_ERROR;
				CLANG_WARN_DOCUMENTATION_COMMENTS = YES;
				CLANG_WARN_EMPTY_BODY = YES;
				CLANG_WARN_ENUM_CONVERSION = YES;
				CLANG_WARN_INFINITE_RECURSION = YES;
				CLANG_WARN_INT_CONVERSION = YES;
				CLANG_WARN_NON_LITERAL_NULL_CONVERSION = YES;
				CLANG_WARN_OBJC_IMPLICIT_RETAIN_SELF = YES;
				CLANG_WARN_OBJC_LITERAL_CONVERSION = YES;
				CLANG_WARN_OBJC_ROOT_CLASS = YES_ERROR;
				CLANG_WARN_QUOTED_INCLUDE_IN_FRAMEWORK_HEADER = YES;
				CLANG_WARN_RANGE_LOOP_ANALYSIS = YES;
				CLANG_WARN_STRICT_PROTOTYPES = YES;
				CLANG_WARN_SUSPICIOUS_MOVE = YES;
				CLANG_WARN_UNGUARDED_AVAILABILITY = YES_AGGRESSIVE;
				CLANG_WARN_UNREACHABLE_CODE = YES;
				CLANG_WARN__DUPLICATE_METHOD_MATCH = YES;
				COPY_PHASE_STRIP = NO;
				DEBUG_INFORMATION_FORMAT = dwarf;
				ENABLE_STRICT_OBJC_MSGSEND = YES;
				ENABLE_TESTABILITY = YES;
				GCC_C_LANGUAGE_STANDARD = gnu11;
				GCC_DYNAMIC_NO_PIC = NO;
				GCC_NO_COMMON_BLOCKS = YES;
				GCC_OPTIMIZATION_LEVEL = 0;
				GCC_PREPROCESSOR_DEFINITIONS = (
					"DEBUG=1",
					"$(inherited)",
				);
				GCC_WARN_64_TO_32_BIT_CONVERSION = YES;
				GCC_WARN_ABOUT_RETURN_TYPE = YES_ERROR;
				GCC_WARN_UNDECLARED_SELECTOR = YES;
				GCC_WARN_UNINITIALIZED_AUTOS = YES_AGGRESSIVE;
				GCC_WARN_UNUSED_FUNCTION = YES;
				GCC_WARN_UNUSED_VARIABLE = YES;
				IPHONEOS_DEPLOYMENT_TARGET = 14.4;
				MTL_ENABLE_DEBUG_INFO = INCLUDE_SOURCE;
				MTL_FAST_MATH = YES;
				ONLY_ACTIVE_ARCH = YES;
				SDKROOT = iphoneos;
				SWIFT_ACTIVE_COMPILATION_CONDITIONS = DEBUG;
				SWIFT_OPTIMIZATION_LEVEL = "-Onone";
			};
			name = Debug;
		};
		BDBE204A26234D58002E80D3 /* Release */ = {
			isa = XCBuildConfiguration;
			buildSettings = {
				ALWAYS_SEARCH_USER_PATHS = NO;
				CLANG_ANALYZER_NONNULL = YES;
				CLANG_ANALYZER_NUMBER_OBJECT_CONVERSION = YES_AGGRESSIVE;
				CLANG_CXX_LANGUAGE_STANDARD = "gnu++14";
				CLANG_CXX_LIBRARY = "libc++";
				CLANG_ENABLE_MODULES = YES;
				CLANG_ENABLE_OBJC_ARC = YES;
				CLANG_ENABLE_OBJC_WEAK = YES;
				CLANG_WARN_BLOCK_CAPTURE_AUTORELEASING = YES;
				CLANG_WARN_BOOL_CONVERSION = YES;
				CLANG_WARN_COMMA = YES;
				CLANG_WARN_CONSTANT_CONVERSION = YES;
				CLANG_WARN_DEPRECATED_OBJC_IMPLEMENTATIONS = YES;
				CLANG_WARN_DIRECT_OBJC_ISA_USAGE = YES_ERROR;
				CLANG_WARN_DOCUMENTATION_COMMENTS = YES;
				CLANG_WARN_EMPTY_BODY = YES;
				CLANG_WARN_ENUM_CONVERSION = YES;
				CLANG_WARN_INFINITE_RECURSION = YES;
				CLANG_WARN_INT_CONVERSION = YES;
				CLANG_WARN_NON_LITERAL_NULL_CONVERSION = YES;
				CLANG_WARN_OBJC_IMPLICIT_RETAIN_SELF = YES;
				CLANG_WARN_OBJC_LITERAL_CONVERSION = YES;
				CLANG_WARN_OBJC_ROOT_CLASS = YES_ERROR;
				CLANG_WARN_QUOTED_INCLUDE_IN_FRAMEWORK_HEADER = YES;
				CLANG_WARN_RANGE_LOOP_ANALYSIS = YES;
				CLANG_WARN_STRICT_PROTOTYPES = YES;
				CLANG_WARN_SUSPICIOUS_MOVE = YES;
				CLANG_WARN_UNGUARDED_AVAILABILITY = YES_AGGRESSIVE;
				CLANG_WARN_UNREACHABLE_CODE = YES;
				CLANG_WARN__DUPLICATE_METHOD_MATCH = YES;
				COPY_PHASE_STRIP = NO;
				DEBUG_INFORMATION_FORMAT = "dwarf-with-dsym";
				ENABLE_NS_ASSERTIONS = NO;
				ENABLE_STRICT_OBJC_MSGSEND = YES;
				GCC_C_LANGUAGE_STANDARD = gnu11;
				GCC_NO_COMMON_BLOCKS = YES;
				GCC_WARN_64_TO_32_BIT_CONVERSION = YES;
				GCC_WARN_ABOUT_RETURN_TYPE = YES_ERROR;
				GCC_WARN_UNDECLARED_SELECTOR = YES;
				GCC_WARN_UNINITIALIZED_AUTOS = YES_AGGRESSIVE;
				GCC_WARN_UNUSED_FUNCTION = YES;
				GCC_WARN_UNUSED_VARIABLE = YES;
				IPHONEOS_DEPLOYMENT_TARGET = 14.4;
				MTL_ENABLE_DEBUG_INFO = NO;
				MTL_FAST_MATH = YES;
				SDKROOT = iphoneos;
				SWIFT_COMPILATION_MODE = wholemodule;
				SWIFT_OPTIMIZATION_LEVEL = "-O";
				VALIDATE_PRODUCT = YES;
			};
			name = Release;
		};
		BDBE204C26234D58002E80D3 /* Debug */ = {
			isa = XCBuildConfiguration;
			buildSettings = {
				ASSETCATALOG_COMPILER_APPICON_NAME = AppIcon;
				ASSETCATALOG_COMPILER_GLOBAL_ACCENT_COLOR_NAME = AccentColor;
				CODE_SIGN_STYLE = Automatic;
				DEVELOPMENT_TEAM = RMQNS23DVX;
				INFOPLIST_FILE = BarcodeCalc/Info.plist;
				LD_RUNPATH_SEARCH_PATHS = (
					"$(inherited)",
					"@executable_path/Frameworks",
				);
				PRODUCT_BUNDLE_IDENTIFIER = com.kaelsihombing.BarcodeCalc;
				PRODUCT_NAME = "$(TARGET_NAME)";
				SWIFT_VERSION = 5.0;
				TARGETED_DEVICE_FAMILY = "1,2";
			};
			name = Debug;
		};
		BDBE204D26234D58002E80D3 /* Release */ = {
			isa = XCBuildConfiguration;
			buildSettings = {
				ASSETCATALOG_COMPILER_APPICON_NAME = AppIcon;
				ASSETCATALOG_COMPILER_GLOBAL_ACCENT_COLOR_NAME = AccentColor;
				CODE_SIGN_STYLE = Automatic;
				DEVELOPMENT_TEAM = RMQNS23DVX;
				INFOPLIST_FILE = BarcodeCalc/Info.plist;
				LD_RUNPATH_SEARCH_PATHS = (
					"$(inherited)",
					"@executable_path/Frameworks",
				);
				PRODUCT_BUNDLE_IDENTIFIER = com.kaelsihombing.BarcodeCalc;
				PRODUCT_NAME = "$(TARGET_NAME)";
				SWIFT_VERSION = 5.0;
				TARGETED_DEVICE_FAMILY = "1,2";
			};
			name = Release;
		};
/* End XCBuildConfiguration section */

/* Begin XCConfigurationList section */
		BDBE202F26234D57002E80D3 /* Build configuration list for PBXProject "BarcodeCalc" */ = {
			isa = XCConfigurationList;
			buildConfigurations = (
				BDBE204926234D58002E80D3 /* Debug */,
				BDBE204A26234D58002E80D3 /* Release */,
			);
			defaultConfigurationIsVisible = 0;
			defaultConfigurationName = Release;
		};
		BDBE204B26234D58002E80D3 /* Build configuration list for PBXNativeTarget "BarcodeCalc" */ = {
			isa = XCConfigurationList;
			buildConfigurations = (
				BDBE204C26234D58002E80D3 /* Debug */,
				BDBE204D26234D58002E80D3 /* Release */,
			);
			defaultConfigurationIsVisible = 0;
			defaultConfigurationName = Release;
		};
/* End XCConfigurationList section */

/* Begin XCVersionGroup section */
		BDBE204026234D57002E80D3 /* BarcodeCalc.xcdatamodeld */ = {
			isa = XCVersionGroup;
			children = (
				BDBE204126234D57002E80D3 /* BarcodeCalc.xcdatamodel */,
			);
			currentVersion = BDBE204126234D57002E80D3 /* BarcodeCalc.xcdatamodel */;
			path = BarcodeCalc.xcdatamodeld;
			sourceTree = "<group>";
			versionGroupType = wrapper.xcdatamodel;
		};
/* End XCVersionGroup section */
	};
	rootObject = BDBE202C26234D57002E80D3 /* Project object */;
}
